
Microsoft Visual Studio Solution File, Format Version 12.00
# Visual Studio Version 17
VisualStudioVersion = 17.13.35931.197
MinimumVisualStudioVersion = 10.0.40219.1
Project("{FAE04EC0-301F-11D3-BF4B-00C04F79EFBC}") = "Users", "Users\Users.csproj", "{AE73651C-2B60-4C72-9482-7D855E4CF02E}"
EndProject
Project("{FAE04EC0-301F-11D3-BF4B-00C04F79EFBC}") = "Users.DAL", "Users.DAL\Users.DAL.csproj", "{06A17C94-6989-4288-AF8F-71E99101DAA6}"
EndProject
Project("{FAE04EC0-301F-11D3-BF4B-00C04F79EFBC}") = "Users.UnitTests", "Users.UnitTests\Users.UnitTests.csproj", "{C9E4629D-0745-4D21-862C-9F2CF7D987D9}"
EndProject
Project("{FAE04EC0-301F-11D3-BF4B-00C04F79EFBC}") = "Users.IntegrationTests", "Users.IntegrationTests\Users.IntegrationTests.csproj", "{8593B028-9459-4B5A-BA3A-7B72886F1F5A}"
EndProject
Global
	GlobalSection(SolutionConfigurationPlatforms) = preSolution
		Debug|Any CPU = Debug|Any CPU
		Release|Any CPU = Release|Any CPU
	EndGlobalSection
	GlobalSection(ProjectConfigurationPlatforms) = postSolution
		{AE73651C-2B60-4C72-9482-7D855E4CF02E}.Debug|Any CPU.ActiveCfg = Debug|Any CPU
		{AE73651C-2B60-4C72-9482-7D855E4CF02E}.Debug|Any CPU.Build.0 = Debug|Any CPU
		{AE73651C-2B60-4C72-9482-7D855E4CF02E}.Release|Any CPU.ActiveCfg = Release|Any CPU
		{AE73651C-2B60-4C72-9482-7D855E4CF02E}.Release|Any CPU.Build.0 = Release|Any CPU
		{06A17C94-6989-4288-AF8F-71E99101DAA6}.Debug|Any CPU.ActiveCfg = Debug|Any CPU
		{06A17C94-6989-4288-AF8F-71E99101DAA6}.Debug|Any CPU.Build.0 = Debug|Any CPU
		{06A17C94-6989-4288-AF8F-71E99101DAA6}.Release|Any CPU.ActiveCfg = Release|Any CPU
		{06A17C94-6989-4288-AF8F-71E99101DAA6}.Release|Any CPU.Build.0 = Release|Any CPU
		{C9E4629D-0745-4D21-862C-9F2CF7D987D9}.Debug|Any CPU.ActiveCfg = Debug|Any CPU
		{C9E4629D-0745-4D21-862C-9F2CF7D987D9}.Debug|Any CPU.Build.0 = Debug|Any CPU
		{C9E4629D-0745-4D21-862C-9F2CF7D987D9}.Release|Any CPU.ActiveCfg = Release|Any CPU
		{C9E4629D-0745-4D21-862C-9F2CF7D987D9}.Release|Any CPU.Build.0 = Release|Any CPU
		{8593B028-9459-4B5A-BA3A-7B72886F1F5A}.Debug|Any CPU.ActiveCfg = Debug|Any CPU
		{8593B028-9459-4B5A-BA3A-7B72886F1F5A}.Debug|Any CPU.Build.0 = Debug|Any CPU
		{8593B028-9459-4B5A-BA3A-7B72886F1F5A}.Release|Any CPU.ActiveCfg = Release|Any CPU
		{8593B028-9459-4B5A-BA3A-7B72886F1F5A}.Release|Any CPU.Build.0 = Release|Any CPU
	EndGlobalSection
	GlobalSection(SolutionProperties) = preSolution
		HideSolutionNode = FALSE
	EndGlobalSection
	GlobalSection(ExtensibilityGlobals) = postSolution
		SolutionGuid = {66365983-BA56-4758-BF13-2856519A12EB}
	EndGlobalSection
EndGlobal
